
Microsoft Visual Studio Solution File, Format Version 12.00
# Visual Studio Version 17
VisualStudioVersion = 17.0.31903.59
MinimumVisualStudioVersion = 10.0.40219.1
Project("{2150E333-8FDC-42A3-9474-1A3956D46DE8}") = "Abstractions", "Abstractions", "{67BFE618-E232-7DE5-34A1-02EE902F7C19}"
EndProject
Project("{FAE04EC0-301F-11D3-BF4B-00C04F79EFBC}") = "MCPhappey.Auth", "Abstractions\MCPhappey.Auth\MCPhappey.Auth.csproj", "{BB125D38-AB97-47F8-A22A-57FE63989DDF}"
EndProject
Project("{FAE04EC0-301F-11D3-BF4B-00C04F79EFBC}") = "MCPhappey.Decoders", "Abstractions\MCPhappey.Decoders\MCPhappey.Decoders.csproj", "{994B0FBF-538F-487F-A2FD-4486787B690A}"
EndProject
Project("{FAE04EC0-301F-11D3-BF4B-00C04F79EFBC}") = "MCPhappey.Scrapers", "Abstractions\MCPhappey.Scrapers\MCPhappey.Scrapers.csproj", "{C61FA0AD-2019-4881-9E32-C8098E9A5ADA}"
EndProject
Project("{FAE04EC0-301F-11D3-BF4B-00C04F79EFBC}") = "MCPhappey.Simplicate", "Abstractions\MCPhappey.Simplicate\MCPhappey.Simplicate.csproj", "{5D7B079C-BB6D-4587-8B95-F18485E84E0B}"
EndProject
Project("{FAE04EC0-301F-11D3-BF4B-00C04F79EFBC}") = "MCPhappey.Telemetry", "Abstractions\MCPhappey.Telemetry\MCPhappey.Telemetry.csproj", "{32E10A03-93C5-4616-9235-CC0C388D90F2}"
EndProject
Project("{FAE04EC0-301F-11D3-BF4B-00C04F79EFBC}") = "MCPhappey.Tools", "Abstractions\MCPhappey.Tools\MCPhappey.Tools.csproj", "{CA9B8994-6521-4F35-B4A4-AC8A12C483BE}"
EndProject
Project("{2150E333-8FDC-42A3-9474-1A3956D46DE8}") = "Core", "Core", "{FBF56CC3-7AE6-AD2D-3F14-7F97FD322CD6}"
EndProject
Project("{FAE04EC0-301F-11D3-BF4B-00C04F79EFBC}") = "MCPhappey.Common", "Core\MCPhappey.Common\MCPhappey.Common.csproj", "{3237C942-FE30-4BE1-9D92-B171FDEEE53C}"
EndProject
Project("{FAE04EC0-301F-11D3-BF4B-00C04F79EFBC}") = "MCPhappey.Core", "Core\MCPhappey.Core\MCPhappey.Core.csproj", "{840CBE83-BE8E-46EF-A8F4-1164540AB664}"
EndProject
Project("{2150E333-8FDC-42A3-9474-1A3956D46DE8}") = "Samples", "Samples", "{5D20AA90-6969-D8BD-9DCD-8634F4692FDA}"
EndProject
Project("{2150E333-8FDC-42A3-9474-1A3956D46DE8}") = "MCPhappey.AzureAuth", "MCPhappey.AzureAuth", "{E3663CB0-CC2C-2D7C-F689-9E45651CA852}"
EndProject
Project("{FAE04EC0-301F-11D3-BF4B-00C04F79EFBC}") = "MCPhappey.HeaderAuth", "Samples\MCPhappey.HeaderAuth\MCPhappey.HeaderAuth.csproj", "{C708FA32-19BF-4849-811C-748730F34D44}"
EndProject
Project("{2150E333-8FDC-42A3-9474-1A3956D46DE8}") = "Servers", "Servers", "{769B9289-B2AF-0079-2183-40A0D5B6CA35}"
EndProject
Project("{FAE04EC0-301F-11D3-BF4B-00C04F79EFBC}") = "MCPhappey.Servers.JSON", "Servers\MCPhappey.Servers.JSON\MCPhappey.Servers.JSON.csproj", "{EADA0715-0D9D-494D-8905-C2BD205A0167}"
EndProject
Project("{FAE04EC0-301F-11D3-BF4B-00C04F79EFBC}") = "MCPhappey.Servers.SQL", "Servers\MCPhappey.Servers.SQL\MCPhappey.Servers.SQL.csproj", "{93B586E3-62A8-4994-87B8-3A83E977F0C4}"
EndProject
Global
	GlobalSection(SolutionConfigurationPlatforms) = preSolution
		Debug|Any CPU = Debug|Any CPU
		Debug|x64 = Debug|x64
		Debug|x86 = Debug|x86
		Release|Any CPU = Release|Any CPU
		Release|x64 = Release|x64
		Release|x86 = Release|x86
	EndGlobalSection
	GlobalSection(ProjectConfigurationPlatforms) = postSolution
		{BB125D38-AB97-47F8-A22A-57FE63989DDF}.Debug|Any CPU.ActiveCfg = Debug|Any CPU
		{BB125D38-AB97-47F8-A22A-57FE63989DDF}.Debug|Any CPU.Build.0 = Debug|Any CPU
		{BB125D38-AB97-47F8-A22A-57FE63989DDF}.Debug|x64.ActiveCfg = Debug|Any CPU
		{BB125D38-AB97-47F8-A22A-57FE63989DDF}.Debug|x64.Build.0 = Debug|Any CPU
		{BB125D38-AB97-47F8-A22A-57FE63989DDF}.Debug|x86.ActiveCfg = Debug|Any CPU
		{BB125D38-AB97-47F8-A22A-57FE63989DDF}.Debug|x86.Build.0 = Debug|Any CPU
		{BB125D38-AB97-47F8-A22A-57FE63989DDF}.Release|Any CPU.ActiveCfg = Release|Any CPU
		{BB125D38-AB97-47F8-A22A-57FE63989DDF}.Release|Any CPU.Build.0 = Release|Any CPU
		{BB125D38-AB97-47F8-A22A-57FE63989DDF}.Release|x64.ActiveCfg = Release|Any CPU
		{BB125D38-AB97-47F8-A22A-57FE63989DDF}.Release|x64.Build.0 = Release|Any CPU
		{BB125D38-AB97-47F8-A22A-57FE63989DDF}.Release|x86.ActiveCfg = Release|Any CPU
		{BB125D38-AB97-47F8-A22A-57FE63989DDF}.Release|x86.Build.0 = Release|Any CPU
		{994B0FBF-538F-487F-A2FD-4486787B690A}.Debug|Any CPU.ActiveCfg = Debug|Any CPU
		{994B0FBF-538F-487F-A2FD-4486787B690A}.Debug|Any CPU.Build.0 = Debug|Any CPU
		{994B0FBF-538F-487F-A2FD-4486787B690A}.Debug|x64.ActiveCfg = Debug|Any CPU
		{994B0FBF-538F-487F-A2FD-4486787B690A}.Debug|x64.Build.0 = Debug|Any CPU
		{994B0FBF-538F-487F-A2FD-4486787B690A}.Debug|x86.ActiveCfg = Debug|Any CPU
		{994B0FBF-538F-487F-A2FD-4486787B690A}.Debug|x86.Build.0 = Debug|Any CPU
		{994B0FBF-538F-487F-A2FD-4486787B690A}.Release|Any CPU.ActiveCfg = Release|Any CPU
		{994B0FBF-538F-487F-A2FD-4486787B690A}.Release|Any CPU.Build.0 = Release|Any CPU
		{994B0FBF-538F-487F-A2FD-4486787B690A}.Release|x64.ActiveCfg = Release|Any CPU
		{994B0FBF-538F-487F-A2FD-4486787B690A}.Release|x64.Build.0 = Release|Any CPU
		{994B0FBF-538F-487F-A2FD-4486787B690A}.Release|x86.ActiveCfg = Release|Any CPU
		{994B0FBF-538F-487F-A2FD-4486787B690A}.Release|x86.Build.0 = Release|Any CPU
		{C61FA0AD-2019-4881-9E32-C8098E9A5ADA}.Debug|Any CPU.ActiveCfg = Debug|Any CPU
		{C61FA0AD-2019-4881-9E32-C8098E9A5ADA}.Debug|Any CPU.Build.0 = Debug|Any CPU
		{C61FA0AD-2019-4881-9E32-C8098E9A5ADA}.Debug|x64.ActiveCfg = Debug|Any CPU
		{C61FA0AD-2019-4881-9E32-C8098E9A5ADA}.Debug|x64.Build.0 = Debug|Any CPU
		{C61FA0AD-2019-4881-9E32-C8098E9A5ADA}.Debug|x86.ActiveCfg = Debug|Any CPU
		{C61FA0AD-2019-4881-9E32-C8098E9A5ADA}.Debug|x86.Build.0 = Debug|Any CPU
		{C61FA0AD-2019-4881-9E32-C8098E9A5ADA}.Release|Any CPU.ActiveCfg = Release|Any CPU
		{C61FA0AD-2019-4881-9E32-C8098E9A5ADA}.Release|Any CPU.Build.0 = Release|Any CPU
		{C61FA0AD-2019-4881-9E32-C8098E9A5ADA}.Release|x64.ActiveCfg = Release|Any CPU
		{C61FA0AD-2019-4881-9E32-C8098E9A5ADA}.Release|x64.Build.0 = Release|Any CPU
		{C61FA0AD-2019-4881-9E32-C8098E9A5ADA}.Release|x86.ActiveCfg = Release|Any CPU
		{C61FA0AD-2019-4881-9E32-C8098E9A5ADA}.Release|x86.Build.0 = Release|Any CPU
		{5D7B079C-BB6D-4587-8B95-F18485E84E0B}.Debug|Any CPU.ActiveCfg = Debug|Any CPU
		{5D7B079C-BB6D-4587-8B95-F18485E84E0B}.Debug|Any CPU.Build.0 = Debug|Any CPU
		{5D7B079C-BB6D-4587-8B95-F18485E84E0B}.Debug|x64.ActiveCfg = Debug|Any CPU
		{5D7B079C-BB6D-4587-8B95-F18485E84E0B}.Debug|x64.Build.0 = Debug|Any CPU
		{5D7B079C-BB6D-4587-8B95-F18485E84E0B}.Debug|x86.ActiveCfg = Debug|Any CPU
		{5D7B079C-BB6D-4587-8B95-F18485E84E0B}.Debug|x86.Build.0 = Debug|Any CPU
		{5D7B079C-BB6D-4587-8B95-F18485E84E0B}.Release|Any CPU.ActiveCfg = Release|Any CPU
		{5D7B079C-BB6D-4587-8B95-F18485E84E0B}.Release|Any CPU.Build.0 = Release|Any CPU
		{5D7B079C-BB6D-4587-8B95-F18485E84E0B}.Release|x64.ActiveCfg = Release|Any CPU
		{5D7B079C-BB6D-4587-8B95-F18485E84E0B}.Release|x64.Build.0 = Release|Any CPU
		{5D7B079C-BB6D-4587-8B95-F18485E84E0B}.Release|x86.ActiveCfg = Release|Any CPU
		{5D7B079C-BB6D-4587-8B95-F18485E84E0B}.Release|x86.Build.0 = Release|Any CPU
		{32E10A03-93C5-4616-9235-CC0C388D90F2}.Debug|Any CPU.ActiveCfg = Debug|Any CPU
		{32E10A03-93C5-4616-9235-CC0C388D90F2}.Debug|Any CPU.Build.0 = Debug|Any CPU
		{32E10A03-93C5-4616-9235-CC0C388D90F2}.Debug|x64.ActiveCfg = Debug|Any CPU
		{32E10A03-93C5-4616-9235-CC0C388D90F2}.Debug|x64.Build.0 = Debug|Any CPU
		{32E10A03-93C5-4616-9235-CC0C388D90F2}.Debug|x86.ActiveCfg = Debug|Any CPU
		{32E10A03-93C5-4616-9235-CC0C388D90F2}.Debug|x86.Build.0 = Debug|Any CPU
		{32E10A03-93C5-4616-9235-CC0C388D90F2}.Release|Any CPU.ActiveCfg = Release|Any CPU
		{32E10A03-93C5-4616-9235-CC0C388D90F2}.Release|Any CPU.Build.0 = Release|Any CPU
		{32E10A03-93C5-4616-9235-CC0C388D90F2}.Release|x64.ActiveCfg = Release|Any CPU
		{32E10A03-93C5-4616-9235-CC0C388D90F2}.Release|x64.Build.0 = Release|Any CPU
		{32E10A03-93C5-4616-9235-CC0C388D90F2}.Release|x86.ActiveCfg = Release|Any CPU
		{32E10A03-93C5-4616-9235-CC0C388D90F2}.Release|x86.Build.0 = Release|Any CPU
		{CA9B8994-6521-4F35-B4A4-AC8A12C483BE}.Debug|Any CPU.ActiveCfg = Debug|Any CPU
		{CA9B8994-6521-4F35-B4A4-AC8A12C483BE}.Debug|Any CPU.Build.0 = Debug|Any CPU
		{CA9B8994-6521-4F35-B4A4-AC8A12C483BE}.Debug|x64.ActiveCfg = Debug|Any CPU
		{CA9B8994-6521-4F35-B4A4-AC8A12C483BE}.Debug|x64.Build.0 = Debug|Any CPU
		{CA9B8994-6521-4F35-B4A4-AC8A12C483BE}.Debug|x86.ActiveCfg = Debug|Any CPU
		{CA9B8994-6521-4F35-B4A4-AC8A12C483BE}.Debug|x86.Build.0 = Debug|Any CPU
		{CA9B8994-6521-4F35-B4A4-AC8A12C483BE}.Release|Any CPU.ActiveCfg = Release|Any CPU
		{CA9B8994-6521-4F35-B4A4-AC8A12C483BE}.Release|Any CPU.Build.0 = Release|Any CPU
		{CA9B8994-6521-4F35-B4A4-AC8A12C483BE}.Release|x64.ActiveCfg = Release|Any CPU
		{CA9B8994-6521-4F35-B4A4-AC8A12C483BE}.Release|x64.Build.0 = Release|Any CPU
		{CA9B8994-6521-4F35-B4A4-AC8A12C483BE}.Release|x86.ActiveCfg = Release|Any CPU
		{CA9B8994-6521-4F35-B4A4-AC8A12C483BE}.Release|x86.Build.0 = Release|Any CPU
		{3237C942-FE30-4BE1-9D92-B171FDEEE53C}.Debug|Any CPU.ActiveCfg = Debug|Any CPU
		{3237C942-FE30-4BE1-9D92-B171FDEEE53C}.Debug|Any CPU.Build.0 = Debug|Any CPU
		{3237C942-FE30-4BE1-9D92-B171FDEEE53C}.Debug|x64.ActiveCfg = Debug|Any CPU
		{3237C942-FE30-4BE1-9D92-B171FDEEE53C}.Debug|x64.Build.0 = Debug|Any CPU
		{3237C942-FE30-4BE1-9D92-B171FDEEE53C}.Debug|x86.ActiveCfg = Debug|Any CPU
		{3237C942-FE30-4BE1-9D92-B171FDEEE53C}.Debug|x86.Build.0 = Debug|Any CPU
		{3237C942-FE30-4BE1-9D92-B171FDEEE53C}.Release|Any CPU.ActiveCfg = Release|Any CPU
		{3237C942-FE30-4BE1-9D92-B171FDEEE53C}.Release|Any CPU.Build.0 = Release|Any CPU
		{3237C942-FE30-4BE1-9D92-B171FDEEE53C}.Release|x64.ActiveCfg = Release|Any CPU
		{3237C942-FE30-4BE1-9D92-B171FDEEE53C}.Release|x64.Build.0 = Release|Any CPU
		{3237C942-FE30-4BE1-9D92-B171FDEEE53C}.Release|x86.ActiveCfg = Release|Any CPU
		{3237C942-FE30-4BE1-9D92-B171FDEEE53C}.Release|x86.Build.0 = Release|Any CPU
		{840CBE83-BE8E-46EF-A8F4-1164540AB664}.Debug|Any CPU.ActiveCfg = Debug|Any CPU
		{840CBE83-BE8E-46EF-A8F4-1164540AB664}.Debug|Any CPU.Build.0 = Debug|Any CPU
		{840CBE83-BE8E-46EF-A8F4-1164540AB664}.Debug|x64.ActiveCfg = Debug|Any CPU
		{840CBE83-BE8E-46EF-A8F4-1164540AB664}.Debug|x64.Build.0 = Debug|Any CPU
		{840CBE83-BE8E-46EF-A8F4-1164540AB664}.Debug|x86.ActiveCfg = Debug|Any CPU
		{840CBE83-BE8E-46EF-A8F4-1164540AB664}.Debug|x86.Build.0 = Debug|Any CPU
		{840CBE83-BE8E-46EF-A8F4-1164540AB664}.Release|Any CPU.ActiveCfg = Release|Any CPU
		{840CBE83-BE8E-46EF-A8F4-1164540AB664}.Release|Any CPU.Build.0 = Release|Any CPU
		{840CBE83-BE8E-46EF-A8F4-1164540AB664}.Release|x64.ActiveCfg = Release|Any CPU
		{840CBE83-BE8E-46EF-A8F4-1164540AB664}.Release|x64.Build.0 = Release|Any CPU
		{840CBE83-BE8E-46EF-A8F4-1164540AB664}.Release|x86.ActiveCfg = Release|Any CPU
		{840CBE83-BE8E-46EF-A8F4-1164540AB664}.Release|x86.Build.0 = Release|Any CPU
		{131FC1A0-4681-4664-8FCF-D60661025414}.Debug|Any CPU.ActiveCfg = Debug|Any CPU
		{131FC1A0-4681-4664-8FCF-D60661025414}.Debug|Any CPU.Build.0 = Debug|Any CPU
		{131FC1A0-4681-4664-8FCF-D60661025414}.Debug|x64.ActiveCfg = Debug|Any CPU
		{131FC1A0-4681-4664-8FCF-D60661025414}.Debug|x64.Build.0 = Debug|Any CPU
		{131FC1A0-4681-4664-8FCF-D60661025414}.Debug|x86.ActiveCfg = Debug|Any CPU
		{131FC1A0-4681-4664-8FCF-D60661025414}.Debug|x86.Build.0 = Debug|Any CPU
		{131FC1A0-4681-4664-8FCF-D60661025414}.Release|Any CPU.ActiveCfg = Release|Any CPU
		{131FC1A0-4681-4664-8FCF-D60661025414}.Release|Any CPU.Build.0 = Release|Any CPU
		{131FC1A0-4681-4664-8FCF-D60661025414}.Release|x64.ActiveCfg = Release|Any CPU
		{131FC1A0-4681-4664-8FCF-D60661025414}.Release|x64.Build.0 = Release|Any CPU
		{131FC1A0-4681-4664-8FCF-D60661025414}.Release|x86.ActiveCfg = Release|Any CPU
		{131FC1A0-4681-4664-8FCF-D60661025414}.Release|x86.Build.0 = Release|Any CPU
		{C708FA32-19BF-4849-811C-748730F34D44}.Debug|Any CPU.ActiveCfg = Debug|Any CPU
		{C708FA32-19BF-4849-811C-748730F34D44}.Debug|Any CPU.Build.0 = Debug|Any CPU
		{C708FA32-19BF-4849-811C-748730F34D44}.Debug|x64.ActiveCfg = Debug|Any CPU
		{C708FA32-19BF-4849-811C-748730F34D44}.Debug|x64.Build.0 = Debug|Any CPU
		{C708FA32-19BF-4849-811C-748730F34D44}.Debug|x86.ActiveCfg = Debug|Any CPU
		{C708FA32-19BF-4849-811C-748730F34D44}.Debug|x86.Build.0 = Debug|Any CPU
		{C708FA32-19BF-4849-811C-748730F34D44}.Release|Any CPU.ActiveCfg = Release|Any CPU
		{C708FA32-19BF-4849-811C-748730F34D44}.Release|Any CPU.Build.0 = Release|Any CPU
		{C708FA32-19BF-4849-811C-748730F34D44}.Release|x64.ActiveCfg = Release|Any CPU
		{C708FA32-19BF-4849-811C-748730F34D44}.Release|x64.Build.0 = Release|Any CPU
		{C708FA32-19BF-4849-811C-748730F34D44}.Release|x86.ActiveCfg = Release|Any CPU
		{C708FA32-19BF-4849-811C-748730F34D44}.Release|x86.Build.0 = Release|Any CPU
		{F322E934-9282-48CF-A25C-F2ADBC87EA90}.Debug|Any CPU.ActiveCfg = Debug|Any CPU
		{F322E934-9282-48CF-A25C-F2ADBC87EA90}.Debug|Any CPU.Build.0 = Debug|Any CPU
		{F322E934-9282-48CF-A25C-F2ADBC87EA90}.Debug|x64.ActiveCfg = Debug|Any CPU
		{F322E934-9282-48CF-A25C-F2ADBC87EA90}.Debug|x64.Build.0 = Debug|Any CPU
		{F322E934-9282-48CF-A25C-F2ADBC87EA90}.Debug|x86.ActiveCfg = Debug|Any CPU
		{F322E934-9282-48CF-A25C-F2ADBC87EA90}.Debug|x86.Build.0 = Debug|Any CPU
		{F322E934-9282-48CF-A25C-F2ADBC87EA90}.Release|Any CPU.ActiveCfg = Release|Any CPU
		{F322E934-9282-48CF-A25C-F2ADBC87EA90}.Release|Any CPU.Build.0 = Release|Any CPU
		{F322E934-9282-48CF-A25C-F2ADBC87EA90}.Release|x64.ActiveCfg = Release|Any CPU
		{F322E934-9282-48CF-A25C-F2ADBC87EA90}.Release|x64.Build.0 = Release|Any CPU
		{F322E934-9282-48CF-A25C-F2ADBC87EA90}.Release|x86.ActiveCfg = Release|Any CPU
		{F322E934-9282-48CF-A25C-F2ADBC87EA90}.Release|x86.Build.0 = Release|Any CPU
		{EADA0715-0D9D-494D-8905-C2BD205A0167}.Debug|Any CPU.ActiveCfg = Debug|Any CPU
		{EADA0715-0D9D-494D-8905-C2BD205A0167}.Debug|Any CPU.Build.0 = Debug|Any CPU
		{EADA0715-0D9D-494D-8905-C2BD205A0167}.Debug|x64.ActiveCfg = Debug|Any CPU
		{EADA0715-0D9D-494D-8905-C2BD205A0167}.Debug|x64.Build.0 = Debug|Any CPU
		{EADA0715-0D9D-494D-8905-C2BD205A0167}.Debug|x86.ActiveCfg = Debug|Any CPU
		{EADA0715-0D9D-494D-8905-C2BD205A0167}.Debug|x86.Build.0 = Debug|Any CPU
		{EADA0715-0D9D-494D-8905-C2BD205A0167}.Release|Any CPU.ActiveCfg = Release|Any CPU
		{EADA0715-0D9D-494D-8905-C2BD205A0167}.Release|Any CPU.Build.0 = Release|Any CPU
		{EADA0715-0D9D-494D-8905-C2BD205A0167}.Release|x64.ActiveCfg = Release|Any CPU
		{EADA0715-0D9D-494D-8905-C2BD205A0167}.Release|x64.Build.0 = Release|Any CPU
		{EADA0715-0D9D-494D-8905-C2BD205A0167}.Release|x86.ActiveCfg = Release|Any CPU
		{EADA0715-0D9D-494D-8905-C2BD205A0167}.Release|x86.Build.0 = Release|Any CPU
		{93B586E3-62A8-4994-87B8-3A83E977F0C4}.Debug|Any CPU.ActiveCfg = Debug|Any CPU
		{93B586E3-62A8-4994-87B8-3A83E977F0C4}.Debug|Any CPU.Build.0 = Debug|Any CPU
		{93B586E3-62A8-4994-87B8-3A83E977F0C4}.Debug|x64.ActiveCfg = Debug|Any CPU
		{93B586E3-62A8-4994-87B8-3A83E977F0C4}.Debug|x64.Build.0 = Debug|Any CPU
		{93B586E3-62A8-4994-87B8-3A83E977F0C4}.Debug|x86.ActiveCfg = Debug|Any CPU
		{93B586E3-62A8-4994-87B8-3A83E977F0C4}.Debug|x86.Build.0 = Debug|Any CPU
		{93B586E3-62A8-4994-87B8-3A83E977F0C4}.Release|Any CPU.ActiveCfg = Release|Any CPU
		{93B586E3-62A8-4994-87B8-3A83E977F0C4}.Release|Any CPU.Build.0 = Release|Any CPU
		{93B586E3-62A8-4994-87B8-3A83E977F0C4}.Release|x64.ActiveCfg = Release|Any CPU
		{93B586E3-62A8-4994-87B8-3A83E977F0C4}.Release|x64.Build.0 = Release|Any CPU
		{93B586E3-62A8-4994-87B8-3A83E977F0C4}.Release|x86.ActiveCfg = Release|Any CPU
		{93B586E3-62A8-4994-87B8-3A83E977F0C4}.Release|x86.Build.0 = Release|Any CPU
	EndGlobalSection
	GlobalSection(SolutionProperties) = preSolution
		HideSolutionNode = FALSE
	EndGlobalSection
	GlobalSection(NestedProjects) = preSolution
		{BB125D38-AB97-47F8-A22A-57FE63989DDF} = {67BFE618-E232-7DE5-34A1-02EE902F7C19}
		{994B0FBF-538F-487F-A2FD-4486787B690A} = {67BFE618-E232-7DE5-34A1-02EE902F7C19}
		{C61FA0AD-2019-4881-9E32-C8098E9A5ADA} = {67BFE618-E232-7DE5-34A1-02EE902F7C19}
		{5D7B079C-BB6D-4587-8B95-F18485E84E0B} = {67BFE618-E232-7DE5-34A1-02EE902F7C19}
		{32E10A03-93C5-4616-9235-CC0C388D90F2} = {67BFE618-E232-7DE5-34A1-02EE902F7C19}
		{CA9B8994-6521-4F35-B4A4-AC8A12C483BE} = {67BFE618-E232-7DE5-34A1-02EE902F7C19}
		{3237C942-FE30-4BE1-9D92-B171FDEEE53C} = {FBF56CC3-7AE6-AD2D-3F14-7F97FD322CD6}
		{840CBE83-BE8E-46EF-A8F4-1164540AB664} = {FBF56CC3-7AE6-AD2D-3F14-7F97FD322CD6}
		{E3663CB0-CC2C-2D7C-F689-9E45651CA852} = {5D20AA90-6969-D8BD-9DCD-8634F4692FDA}
		{131FC1A0-4681-4664-8FCF-D60661025414} = {E3663CB0-CC2C-2D7C-F689-9E45651CA852}
		{C708FA32-19BF-4849-811C-748730F34D44} = {5D20AA90-6969-D8BD-9DCD-8634F4692FDA}
		{F322E934-9282-48CF-A25C-F2ADBC87EA90} = {5D20AA90-6969-D8BD-9DCD-8634F4692FDA}
		{EADA0715-0D9D-494D-8905-C2BD205A0167} = {769B9289-B2AF-0079-2183-40A0D5B6CA35}
		{93B586E3-62A8-4994-87B8-3A83E977F0C4} = {769B9289-B2AF-0079-2183-40A0D5B6CA35}
	EndGlobalSection
EndGlobal
